
Microsoft Visual Studio Solution File, Format Version 12.00
# Visual Studio Version 17
VisualStudioVersion = 17.11.35312.102
MinimumVisualStudioVersion = 10.0.40219.1
Project("{FAE04EC0-301F-11D3-BF4B-00C04F79EFBC}") = "HesapMakinesi", "HesapMakinesi\HesapMakinesi.csproj", "{1FBB4C15-369A-4FC3-88D2-4E962429D64D}"
EndProject
Global
	GlobalSection(SolutionConfigurationPlatforms) = preSolution
		Debug|Any CPU = Debug|Any CPU
		Release|Any CPU = Release|Any CPU
	EndGlobalSection
	GlobalSection(ProjectConfigurationPlatforms) = postSolution
		{1FBB4C15-369A-4FC3-88D2-4E962429D64D}.Debug|Any CPU.ActiveCfg = Debug|Any CPU
		{1FBB4C15-369A-4FC3-88D2-4E962429D64D}.Debug|Any CPU.Build.0 = Debug|Any CPU
		{1FBB4C15-369A-4FC3-88D2-4E962429D64D}.Release|Any CPU.ActiveCfg = Release|Any CPU
		{1FBB4C15-369A-4FC3-88D2-4E962429D64D}.Release|Any CPU.Build.0 = Release|Any CPU
	EndGlobalSection
	GlobalSection(SolutionProperties) = preSolution
		HideSolutionNode = FALSE
	EndGlobalSection
	GlobalSection(ExtensibilityGlobals) = postSolution
		SolutionGuid = {0E808664-53C4-460C-8D4E-B682CFBE448E}
	EndGlobalSection
EndGlobal
